<?xml version="1.0" encoding="utf-8"?>
<Project ToolsVersion="4.0" xmlns="http://schemas.microsoft.com/developer/msbuild/2003">
  <ItemGroup>
    <Filter Include="Source Files">
      <UniqueIdentifier>{4FC737F1-C7A5-4376-A066-2A32D752A2FF}</UniqueIdentifier>
      <Extensions>cpp;c;cc;cxx;c++;cppm;ixx;def;odl;idl;hpj;bat;asm;asmx</Extensions>
    </Filter>
    <Filter Include="Header Files">
      <UniqueIdentifier>{93995380-89BD-4b04-88EB-625FBE52EBFB}</UniqueIdentifier>
      <Extensions>h;hh;hpp;hxx;h++;hm;inl;inc;ipp;xsd</Extensions>
    </Filter>
    <Filter Include="Resource Files">
      <UniqueIdentifier>{67DA6AB6-F800-4c08-8B7A-83BB121AAD01}</UniqueIdentifier>
      <Extensions>rc;ico;cur;bmp;dlg;rc2;rct;bin;rgs;gif;jpg;jpeg;jpe;resx;tiff;tif;png;wav;mfcribbon-ms</Extensions>
    </Filter>
  </ItemGroup>
  <ItemGroup>
    <ClCompile Include="Engine\ErrorLogger.cpp">
      <Filter>Source Files</Filter>
    </ClCompile>
    <ClCompile Include="Engine\Event.cpp">
      <Filter>Source Files</Filter>
    </ClCompile>
    <ClCompile Include="Engine\GameTimer.cpp">
      <Filter>Source Files</Filter>
    </ClCompile>
    <ClCompile Include="Engine\HornetMenus.cpp">
      <Filter>Source Files</Filter>
    </ClCompile>
    <ClCompile Include="Engine\HtAudio.cpp">
      <Filter>Source Files</Filter>
    </ClCompile>
    <ClCompile Include="Engine\HtCamera.cpp">
      <Filter>Source Files</Filter>
    </ClCompile>
    <ClCompile Include="Engine\HtGameController.cpp">
      <Filter>Source Files</Filter>
    </ClCompile>
    <ClCompile Include="Engine\HtGraphics.cpp">
      <Filter>Source Files</Filter>
    </ClCompile>
    <ClCompile Include="Engine\HtKeyboard.cpp">
      <Filter>Source Files</Filter>
    </ClCompile>
    <ClCompile Include="Engine\HtMouse.cpp">
      <Filter>Source Files</Filter>
    </ClCompile>
    <ClCompile Include="Engine\ObjectManager.cpp">
      <Filter>Source Files</Filter>
    </ClCompile>
    <ClCompile Include="Engine\Shapes.cpp">
      <Filter>Source Files</Filter>
    </ClCompile>
    <ClCompile Include="Engine\Sprite.cpp">
      <Filter>Source Files</Filter>
    </ClCompile>
    <ClCompile Include="Engine\Vector2D.cpp">
      <Filter>Source Files</Filter>
    </ClCompile>
    <ClCompile Include="src\Game.cpp">
      <Filter>Source Files</Filter>
    </ClCompile>
    <ClCompile Include="src\HornetApp.cpp">
      <Filter>Source Files</Filter>
    </ClCompile>
    <ClCompile Include="src\main.cpp">
      <Filter>Source Files</Filter>
    </ClCompile>
    <ClCompile Include="src\GameManager.cpp">
      <Filter>Source Files</Filter>
    </ClCompile>
    <ClCompile Include="Engine\Timer.cpp">
      <Filter>Source Files</Filter>
    </ClCompile>
    <ClCompile Include="GameObjects\GameObject.cpp">
      <Filter>Source Files</Filter>
    </ClCompile>
    <ClCompile Include="GameObjects\Player.cpp">
      <Filter>Source Files</Filter>
    </ClCompile>
    <ClCompile Include="Engine\Force.cpp">
      <Filter>Source Files</Filter>
    </ClCompile>
    <ClCompile Include="GameObjects\Scene.cpp">
      <Filter>Source Files</Filter>
    </ClCompile>
    <ClCompile Include="GameObjects\Projectile.cpp">
      <Filter>Source Files</Filter>
    </ClCompile>
    <ClCompile Include="GameObjects\Tile.cpp">
      <Filter>Source Files</Filter>
    </ClCompile>
    <ClCompile Include="GameObjects\BoundaryObject.cpp">
      <Filter>Source Files</Filter>
    </ClCompile>
    <ClCompile Include="GameObjects\Enemy.cpp">
      <Filter>Source Files</Filter>
    </ClCompile>
    <ClCompile Include="GameObjects\Fire.cpp">
      <Filter>Source Files</Filter>
    </ClCompile>
    <ClCompile Include="Layers\Layer.cpp">
      <Filter>Source Files</Filter>
    </ClCompile>
    <ClCompile Include="Layers\TileLayer.cpp">
      <Filter>Source Files</Filter>
    </ClCompile>
    <ClCompile Include="GameObjects\ProgressBar.cpp">
      <Filter>Source Files</Filter>
    </ClCompile>
    <ClCompile Include="GameObjects\FuelPump.cpp">
      <Filter>Source Files</Filter>
    </ClCompile>
    <ClCompile Include="GameObjects\PickUp.cpp">
      <Filter>Source Files</Filter>
    </ClCompile>
    <ClCompile Include="GameObjects\Explosion.cpp">
      <Filter>Source Files</Filter>
    </ClCompile>
  </ItemGroup>
  <ItemGroup>
    <ClInclude Include="Engine\ErrorLogger.h">
      <Filter>Header Files</Filter>
    </ClInclude>
    <ClInclude Include="Engine\Event.h">
      <Filter>Header Files</Filter>
    </ClInclude>
    <ClInclude Include="Engine\GameTimer.h">
      <Filter>Header Files</Filter>
    </ClInclude>
    <ClInclude Include="Engine\HornetMenus.h">
      <Filter>Header Files</Filter>
    </ClInclude>
    <ClInclude Include="Engine\HtAudio.h">
      <Filter>Header Files</Filter>
    </ClInclude>
    <ClInclude Include="Engine\HtCamera.h">
      <Filter>Header Files</Filter>
    </ClInclude>
    <ClInclude Include="Engine\HtGameController.h">
      <Filter>Header Files</Filter>
    </ClInclude>
    <ClInclude Include="Engine\HtGraphics.h">
      <Filter>Header Files</Filter>
    </ClInclude>
    <ClInclude Include="Engine\HtKeyboard.h">
      <Filter>Header Files</Filter>
    </ClInclude>
    <ClInclude Include="Engine\HtMouse.h">
      <Filter>Header Files</Filter>
    </ClInclude>
    <ClInclude Include="Engine\ObjectManager.h">
      <Filter>Header Files</Filter>
    </ClInclude>
    <ClInclude Include="GameObjects\objecttypes.h">
      <Filter>Header Files</Filter>
    </ClInclude>
    <ClInclude Include="Engine\Result.h">
      <Filter>Header Files</Filter>
    </ClInclude>
    <ClInclude Include="Engine\Shapes.h">
      <Filter>Header Files</Filter>
    </ClInclude>
    <ClInclude Include="Engine\Sprite.h">
      <Filter>Header Files</Filter>
    </ClInclude>
    <ClInclude Include="Engine\Vector2D.h">
      <Filter>Header Files</Filter>
    </ClInclude>
    <ClInclude Include="src\Game.h">
      <Filter>Header Files</Filter>
    </ClInclude>
    <ClInclude Include="src\HornetApp.h">
      <Filter>Header Files</Filter>
    </ClInclude>
    <ClInclude Include="src\GameManager.h">
      <Filter>Header Files</Filter>
    </ClInclude>
    <ClInclude Include="Engine\Timer.h">
      <Filter>Header Files</Filter>
    </ClInclude>
    <ClInclude Include="GameObjects\GameObject.h">
      <Filter>Header Files</Filter>
    </ClInclude>
    <ClInclude Include="GameObjects\Player.h">
      <Filter>Header Files</Filter>
    </ClInclude>
    <ClInclude Include="Engine\Force.h">
      <Filter>Header Files</Filter>
    </ClInclude>
    <ClInclude Include="GameObjects\Scene.h">
      <Filter>Header Files</Filter>
    </ClInclude>
    <ClInclude Include="GameObjects\Projectile.h">
      <Filter>Header Files</Filter>
    </ClInclude>
    <ClInclude Include="GameObjects\Tile.h">
      <Filter>Header Files</Filter>
    </ClInclude>
    <ClInclude Include="GameObjects\BoundaryObject.h">
      <Filter>Header Files</Filter>
    </ClInclude>
    <ClInclude Include="GameObjects\Enemy.h">
      <Filter>Header Files</Filter>
    </ClInclude>
    <ClInclude Include="GameObjects\Fire.h">
      <Filter>Header Files</Filter>
    </ClInclude>
    <ClInclude Include="Layers\Layer.h">
      <Filter>Header Files</Filter>
    </ClInclude>
    <ClInclude Include="Layers\TileLayer.h">
      <Filter>Header Files</Filter>
    </ClInclude>
    <ClInclude Include="GameObjects\ProgressBar.h">
      <Filter>Header Files</Filter>
    </ClInclude>
    <ClInclude Include="GameObjects\FuelPump.h">
      <Filter>Header Files</Filter>
    </ClInclude>
    <ClInclude Include="GameObjects\PickUp.h">
      <Filter>Header Files</Filter>
    </ClInclude>
    <ClInclude Include="GameObjects\Explosion.h">
      <Filter>Header Files</Filter>
    </ClInclude>
    <ClInclude Include="src\Level.h">
      <Filter>Header Files</Filter>
    </ClInclude>
    <ClInclude Include="src\level.h">
      <Filter>Header Files</Filter>
    </ClInclude>
  </ItemGroup>
  <ItemGroup>
    <Text Include="lib\x86\LICENSE.freetype.txt" />
    <Text Include="lib\x86\LICENSE.harfbuzz.txt" />
    <Text Include="lib\x86\LICENSE.zlib.txt" />
    <Text Include="lib\x64\LICENSE.freetype.txt" />
    <Text Include="lib\x64\LICENSE.harfbuzz.txt" />
    <Text Include="lib\x64\LICENSE.zlib.txt" />
  </ItemGroup>
  <ItemGroup>
    <None Include="lib\x86\SDL2.dll" />
    <None Include="lib\x86\SDL2_image.dll" />
    <None Include="lib\x86\SDL2_mixer.dll" />
    <None Include="lib\x86\SDL2_ttf.dll" />
    <None Include="lib\x64\SDL2_image.dll" />
    <None Include="lib\x64\SDL2_mixer.dll" />
    <None Include="lib\x64\SDL2_ttf.dll" />
    <None Include="lib\x64\SDL2.dll" />
  </ItemGroup>
  <ItemGroup>
    <Library Include="lib\x86\SDL2.lib" />
    <Library Include="lib\x86\SDL2_image.lib" />
    <Library Include="lib\x86\SDL2_mixer.lib" />
    <Library Include="lib\x86\SDL2_ttf.lib" />
    <Library Include="lib\x86\SDL2main.lib" />
    <Library Include="lib\x86\SDL2test.lib" />
    <Library Include="lib\x64\SDL2.lib" />
    <Library Include="lib\x64\SDL2_image.lib" />
    <Library Include="lib\x64\SDL2_mixer.lib" />
    <Library Include="lib\x64\SDL2_ttf.lib" />
    <Library Include="lib\x64\SDL2main.lib" />
    <Library Include="lib\x64\SDL2test.lib" />
  </ItemGroup>
</Project>